
Microsoft Visual Studio Solution File, Format Version 12.00
# Visual Studio Version 16
VisualStudioVersion = 16.0.28803.202
MinimumVisualStudioVersion = 10.0.40219.1
Project("{FAE04EC0-301F-11D3-BF4B-00C04F79EFBC}") = "HashTextFirstConflict", "HashTextFirstConflict\HashTextFirstConflict.csproj", "{639E140A-6379-415D-AFEE-586E8657DA7D}"
EndProject
Global
	GlobalSection(SolutionConfigurationPlatforms) = preSolution
		Debug|Any CPU = Debug|Any CPU
		Release|Any CPU = Release|Any CPU
	EndGlobalSection
	GlobalSection(ProjectConfigurationPlatforms) = postSolution
		{639E140A-6379-415D-AFEE-586E8657DA7D}.Debug|Any CPU.ActiveCfg = Debug|Any CPU
		{639E140A-6379-415D-AFEE-586E8657DA7D}.Debug|Any CPU.Build.0 = Debug|Any CPU
		{639E140A-6379-415D-AFEE-586E8657DA7D}.Release|Any CPU.ActiveCfg = Release|Any CPU
		{639E140A-6379-415D-AFEE-586E8657DA7D}.Release|Any CPU.Build.0 = Release|Any CPU
	EndGlobalSection
	GlobalSection(SolutionProperties) = preSolution
		HideSolutionNode = FALSE
	EndGlobalSection
	GlobalSection(ExtensibilityGlobals) = postSolution
		SolutionGuid = {9EFCFE7F-56D0-4F69-9E45-B19FAB5A9152}
	EndGlobalSection
EndGlobal
