
Microsoft Visual Studio Solution File, Format Version 12.00
# Visual Studio Version 16
VisualStudioVersion = 16.0.28803.202
MinimumVisualStudioVersion = 10.0.40219.1
Project("{FAE04EC0-301F-11D3-BF4B-00C04F79EFBC}") = "HashCep", "HashCep\HashCep.csproj", "{C5DE42CD-D177-460B-87E3-0A8317929F68}"
EndProject
Global
	GlobalSection(SolutionConfigurationPlatforms) = preSolution
		Debug|Any CPU = Debug|Any CPU
		Release|Any CPU = Release|Any CPU
	EndGlobalSection
	GlobalSection(ProjectConfigurationPlatforms) = postSolution
		{C5DE42CD-D177-460B-87E3-0A8317929F68}.Debug|Any CPU.ActiveCfg = Debug|Any CPU
		{C5DE42CD-D177-460B-87E3-0A8317929F68}.Debug|Any CPU.Build.0 = Debug|Any CPU
		{C5DE42CD-D177-460B-87E3-0A8317929F68}.Release|Any CPU.ActiveCfg = Release|Any CPU
		{C5DE42CD-D177-460B-87E3-0A8317929F68}.Release|Any CPU.Build.0 = Release|Any CPU
	EndGlobalSection
	GlobalSection(SolutionProperties) = preSolution
		HideSolutionNode = FALSE
	EndGlobalSection
	GlobalSection(ExtensibilityGlobals) = postSolution
		SolutionGuid = {F488E4C2-6502-4A79-AC99-6780480501CD}
	EndGlobalSection
EndGlobal
