
Microsoft Visual Studio Solution File, Format Version 12.00
# Visual Studio Version 16
VisualStudioVersion = 16.0.28803.202
MinimumVisualStudioVersion = 10.0.40219.1
Project("{FAE04EC0-301F-11D3-BF4B-00C04F79EFBC}") = "HashChains2", "HashChains2\HashChains2.csproj", "{558FA7A1-02BC-43D6-8360-0E0C44969CDC}"
EndProject
Global
	GlobalSection(SolutionConfigurationPlatforms) = preSolution
		Debug|Any CPU = Debug|Any CPU
		Release|Any CPU = Release|Any CPU
	EndGlobalSection
	GlobalSection(ProjectConfigurationPlatforms) = postSolution
		{558FA7A1-02BC-43D6-8360-0E0C44969CDC}.Debug|Any CPU.ActiveCfg = Debug|Any CPU
		{558FA7A1-02BC-43D6-8360-0E0C44969CDC}.Debug|Any CPU.Build.0 = Debug|Any CPU
		{558FA7A1-02BC-43D6-8360-0E0C44969CDC}.Release|Any CPU.ActiveCfg = Release|Any CPU
		{558FA7A1-02BC-43D6-8360-0E0C44969CDC}.Release|Any CPU.Build.0 = Release|Any CPU
	EndGlobalSection
	GlobalSection(SolutionProperties) = preSolution
		HideSolutionNode = FALSE
	EndGlobalSection
	GlobalSection(ExtensibilityGlobals) = postSolution
		SolutionGuid = {2AB2E48A-289A-4955-9385-9734AF284ABC}
	EndGlobalSection
EndGlobal
