
Microsoft Visual Studio Solution File, Format Version 12.00
# Visual Studio Version 16
VisualStudioVersion = 16.0.28803.202
MinimumVisualStudioVersion = 10.0.40219.1
Project("{FAE04EC0-301F-11D3-BF4B-00C04F79EFBC}") = "StudentForm", "StudentForm\StudentForm.csproj", "{0D6A685E-5329-4E18-AB33-CE95E4A92613}"
EndProject
Global
	GlobalSection(SolutionConfigurationPlatforms) = preSolution
		Debug|Any CPU = Debug|Any CPU
		Release|Any CPU = Release|Any CPU
	EndGlobalSection
	GlobalSection(ProjectConfigurationPlatforms) = postSolution
		{0D6A685E-5329-4E18-AB33-CE95E4A92613}.Debug|Any CPU.ActiveCfg = Debug|Any CPU
		{0D6A685E-5329-4E18-AB33-CE95E4A92613}.Debug|Any CPU.Build.0 = Debug|Any CPU
		{0D6A685E-5329-4E18-AB33-CE95E4A92613}.Release|Any CPU.ActiveCfg = Release|Any CPU
		{0D6A685E-5329-4E18-AB33-CE95E4A92613}.Release|Any CPU.Build.0 = Release|Any CPU
	EndGlobalSection
	GlobalSection(SolutionProperties) = preSolution
		HideSolutionNode = FALSE
	EndGlobalSection
	GlobalSection(ExtensibilityGlobals) = postSolution
		SolutionGuid = {A17B898F-BA54-4A26-80D4-2F57499DC6AF}
	EndGlobalSection
EndGlobal
