
Microsoft Visual Studio Solution File, Format Version 12.00
# Visual Studio Version 16
VisualStudioVersion = 16.0.28803.202
MinimumVisualStudioVersion = 10.0.40219.1
Project("{FAE04EC0-301F-11D3-BF4B-00C04F79EFBC}") = "Binary_Search_Tree_CSharp", "Binary_Search_Tree_CSharp\Binary_Search_Tree_CSharp.csproj", "{58CC168E-7F61-4F30-9B10-00C28AE567F2}"
EndProject
Global
	GlobalSection(SolutionConfigurationPlatforms) = preSolution
		Debug|Any CPU = Debug|Any CPU
		Release|Any CPU = Release|Any CPU
	EndGlobalSection
	GlobalSection(ProjectConfigurationPlatforms) = postSolution
		{58CC168E-7F61-4F30-9B10-00C28AE567F2}.Debug|Any CPU.ActiveCfg = Debug|Any CPU
		{58CC168E-7F61-4F30-9B10-00C28AE567F2}.Debug|Any CPU.Build.0 = Debug|Any CPU
		{58CC168E-7F61-4F30-9B10-00C28AE567F2}.Release|Any CPU.ActiveCfg = Release|Any CPU
		{58CC168E-7F61-4F30-9B10-00C28AE567F2}.Release|Any CPU.Build.0 = Release|Any CPU
	EndGlobalSection
	GlobalSection(SolutionProperties) = preSolution
		HideSolutionNode = FALSE
	EndGlobalSection
	GlobalSection(ExtensibilityGlobals) = postSolution
		SolutionGuid = {E3322554-ED46-48F6-A789-8A6569759356}
	EndGlobalSection
EndGlobal
