
Microsoft Visual Studio Solution File, Format Version 12.00
# Visual Studio Version 16
VisualStudioVersion = 16.0.28803.202
MinimumVisualStudioVersion = 10.0.40219.1
Project("{FAE04EC0-301F-11D3-BF4B-00C04F79EFBC}") = "Figure", "Figure\Figure.csproj", "{A7C4A20B-9893-4BE5-B02B-14E6961049EA}"
EndProject
Global
	GlobalSection(SolutionConfigurationPlatforms) = preSolution
		Debug|Any CPU = Debug|Any CPU
		Release|Any CPU = Release|Any CPU
	EndGlobalSection
	GlobalSection(ProjectConfigurationPlatforms) = postSolution
		{A7C4A20B-9893-4BE5-B02B-14E6961049EA}.Debug|Any CPU.ActiveCfg = Debug|Any CPU
		{A7C4A20B-9893-4BE5-B02B-14E6961049EA}.Debug|Any CPU.Build.0 = Debug|Any CPU
		{A7C4A20B-9893-4BE5-B02B-14E6961049EA}.Release|Any CPU.ActiveCfg = Release|Any CPU
		{A7C4A20B-9893-4BE5-B02B-14E6961049EA}.Release|Any CPU.Build.0 = Release|Any CPU
	EndGlobalSection
	GlobalSection(SolutionProperties) = preSolution
		HideSolutionNode = FALSE
	EndGlobalSection
	GlobalSection(ExtensibilityGlobals) = postSolution
		SolutionGuid = {EF5DA648-B9CB-46B0-813A-6CA69CF75B77}
	EndGlobalSection
EndGlobal
