
Microsoft Visual Studio Solution File, Format Version 12.00
# Visual Studio Version 16
VisualStudioVersion = 16.0.28803.202
MinimumVisualStudioVersion = 10.0.40219.1
Project("{FAE04EC0-301F-11D3-BF4B-00C04F79EFBC}") = "tree", "tree\tree.csproj", "{11D8A9BE-BEBF-4BA7-BDFF-D09CECA51A2E}"
EndProject
Global
	GlobalSection(SolutionConfigurationPlatforms) = preSolution
		Debug|Any CPU = Debug|Any CPU
		Release|Any CPU = Release|Any CPU
	EndGlobalSection
	GlobalSection(ProjectConfigurationPlatforms) = postSolution
		{11D8A9BE-BEBF-4BA7-BDFF-D09CECA51A2E}.Debug|Any CPU.ActiveCfg = Debug|Any CPU
		{11D8A9BE-BEBF-4BA7-BDFF-D09CECA51A2E}.Debug|Any CPU.Build.0 = Debug|Any CPU
		{11D8A9BE-BEBF-4BA7-BDFF-D09CECA51A2E}.Release|Any CPU.ActiveCfg = Release|Any CPU
		{11D8A9BE-BEBF-4BA7-BDFF-D09CECA51A2E}.Release|Any CPU.Build.0 = Release|Any CPU
	EndGlobalSection
	GlobalSection(SolutionProperties) = preSolution
		HideSolutionNode = FALSE
	EndGlobalSection
	GlobalSection(ExtensibilityGlobals) = postSolution
		SolutionGuid = {C54500B2-4B3E-4C88-A0DB-305045BBEAF3}
	EndGlobalSection
EndGlobal
