
Microsoft Visual Studio Solution File, Format Version 12.00
# Visual Studio Version 16
VisualStudioVersion = 16.0.28803.202
MinimumVisualStudioVersion = 10.0.40219.1
Project("{FAE04EC0-301F-11D3-BF4B-00C04F79EFBC}") = "Sorting_CSharp", "Sorting_CSharp\Sorting_CSharp.csproj", "{69CD2B8C-D972-461D-AEE4-99A84F494085}"
EndProject
Global
	GlobalSection(SolutionConfigurationPlatforms) = preSolution
		Debug|Any CPU = Debug|Any CPU
		Release|Any CPU = Release|Any CPU
	EndGlobalSection
	GlobalSection(ProjectConfigurationPlatforms) = postSolution
		{69CD2B8C-D972-461D-AEE4-99A84F494085}.Debug|Any CPU.ActiveCfg = Debug|Any CPU
		{69CD2B8C-D972-461D-AEE4-99A84F494085}.Debug|Any CPU.Build.0 = Debug|Any CPU
		{69CD2B8C-D972-461D-AEE4-99A84F494085}.Release|Any CPU.ActiveCfg = Release|Any CPU
		{69CD2B8C-D972-461D-AEE4-99A84F494085}.Release|Any CPU.Build.0 = Release|Any CPU
	EndGlobalSection
	GlobalSection(SolutionProperties) = preSolution
		HideSolutionNode = FALSE
	EndGlobalSection
	GlobalSection(ExtensibilityGlobals) = postSolution
		SolutionGuid = {705F2590-B738-4E0B-AF8E-49008B84C04A}
	EndGlobalSection
EndGlobal
